
Microsoft Visual Studio Solution File, Format Version 12.00
# Visual Studio Version 17
VisualStudioVersion = 17.9.34728.123
MinimumVisualStudioVersion = 10.0.40219.1
Project("{FAE04EC0-301F-11D3-BF4B-00C04F79EFBC}") = "BlazorApp3", "BlazorApp3\BlazorApp3.csproj", "{137E82A7-C6DA-4B1C-8653-4096EB14B795}"
EndProject
Global
	GlobalSection(SolutionConfigurationPlatforms) = preSolution
		Debug|Any CPU = Debug|Any CPU
		Release|Any CPU = Release|Any CPU
	EndGlobalSection
	GlobalSection(ProjectConfigurationPlatforms) = postSolution
		{137E82A7-C6DA-4B1C-8653-4096EB14B795}.Debug|Any CPU.ActiveCfg = Debug|Any CPU
		{137E82A7-C6DA-4B1C-8653-4096EB14B795}.Debug|Any CPU.Build.0 = Debug|Any CPU
		{137E82A7-C6DA-4B1C-8653-4096EB14B795}.Release|Any CPU.ActiveCfg = Release|Any CPU
		{137E82A7-C6DA-4B1C-8653-4096EB14B795}.Release|Any CPU.Build.0 = Release|Any CPU
	EndGlobalSection
	GlobalSection(SolutionProperties) = preSolution
		HideSolutionNode = FALSE
	EndGlobalSection
	GlobalSection(ExtensibilityGlobals) = postSolution
		SolutionGuid = {9B422A64-8166-49EB-91FA-2DDACEBE5C2A}
	EndGlobalSection
EndGlobal
